{
  "name": "logmate",
  "version": "1.0.0",
  "lockfileVersion": 1,
  "requires": true,
  "dependencies": {
    "bulma": {
      "version": "0.7.5",
      "resolved": "https://registry.npmjs.org/bulma/-/bulma-0.7.5.tgz",
      "integrity": "sha512-cX98TIn0I6sKba/DhW0FBjtaDpxTelU166pf7ICXpCCuplHWyu6C9LYZmL5PEsnePIeJaiorsTEzzNk3Tsm1hw==",
      "dev": true
    },
    "bulma-pricingtable": {
      "version": "0.2.0",
      "resolved": "https://registry.npmjs.org/bulma-pricingtable/-/bulma-pricingtable-0.2.0.tgz",
      "integrity": "sha512-4feDoGG5kxfzYNo+eplIbofEerO2FjwJgWoTdM1K8frU1eMHzd2Beh0Jo+18Q0N/83l+YxZydxw/xPijbCOsdQ==",
      "dev": true
    },
    "bulma-steps": {
      "version": "2.2.1",
      "resolved": "https://registry.npmjs.org/bulma-steps/-/bulma-steps-2.2.1.tgz",
      "integrity": "sha512-fD50xz49zPVAfsRNcwBR7rd1lgNdKrcsIXAfVMwMH9A6iDhauOTkiEJOxXj4xZuW/CI6JpV+fCgj5uIuN1lP3Q==",
      "dev": true
    },
    "bulma-timeline": {
      "version": "3.0.4",
      "resolved": "https://registry.npmjs.org/bulma-timeline/-/bulma-timeline-3.0.4.tgz",
      "integrity": "sha512-gCUOcSUuzHoeVMkCpLF49j5Z5yl78XQ+KgJcT+1ju5WIGgBgVytRUob/dw5NHAxPLO2rmcvwYNbCJFp7w4WT4Q==",
      "dev": true
    }
  }
}
