{
  "name": "logmate",
  "version": "1.0.0",
  "lockfileVersion": 2,
  "requires": true,
  "packages": {
    "": {
      "version": "1.0.0",
      "license": "ISC",
      "devDependencies": {
        "bulma": "^0.7.5",
        "bulma-o-steps": "^1.0.9",
        "bulma-pricingtable": "^0.2.0",
        "bulma-timeline": "^3.0.4"
      }
    },
    "node_modules/bulma": {
      "version": "0.7.5",
      "resolved": "https://registry.npmjs.org/bulma/-/bulma-0.7.5.tgz",
      "integrity": "sha512-cX98TIn0I6sKba/DhW0FBjtaDpxTelU166pf7ICXpCCuplHWyu6C9LYZmL5PEsnePIeJaiorsTEzzNk3Tsm1hw==",
      "dev": true
    },
    "node_modules/bulma-o-steps": {
      "version": "1.0.9",
      "resolved": "https://registry.npmjs.org/bulma-o-steps/-/bulma-o-steps-1.0.9.tgz",
      "integrity": "sha512-T5qywE4MPCt6t0YTaZg2LEnzw0QoeYuob+dTB5WmYY8FtSOyEbNZnQ2kkrqzRwtAocvvzUTb+erAAc47QnkWoQ==",
      "dev": true,
      "dependencies": {
        "bulma": "^0.7.1"
      }
    },
    "node_modules/bulma-pricingtable": {
      "version": "0.2.0",
      "resolved": "https://registry.npmjs.org/bulma-pricingtable/-/bulma-pricingtable-0.2.0.tgz",
      "integrity": "sha512-4feDoGG5kxfzYNo+eplIbofEerO2FjwJgWoTdM1K8frU1eMHzd2Beh0Jo+18Q0N/83l+YxZydxw/xPijbCOsdQ==",
      "dev": true
    },
    "node_modules/bulma-timeline": {
      "version": "3.0.4",
      "resolved": "https://registry.npmjs.org/bulma-timeline/-/bulma-timeline-3.0.4.tgz",
      "integrity": "sha512-gCUOcSUuzHoeVMkCpLF49j5Z5yl78XQ+KgJcT+1ju5WIGgBgVytRUob/dw5NHAxPLO2rmcvwYNbCJFp7w4WT4Q==",
      "dev": true
    }
  },
  "dependencies": {
    "bulma": {
      "version": "0.7.5",
      "resolved": "https://registry.npmjs.org/bulma/-/bulma-0.7.5.tgz",
      "integrity": "sha512-cX98TIn0I6sKba/DhW0FBjtaDpxTelU166pf7ICXpCCuplHWyu6C9LYZmL5PEsnePIeJaiorsTEzzNk3Tsm1hw==",
      "dev": true
    },
    "bulma-o-steps": {
      "version": "1.0.9",
      "resolved": "https://registry.npmjs.org/bulma-o-steps/-/bulma-o-steps-1.0.9.tgz",
      "integrity": "sha512-T5qywE4MPCt6t0YTaZg2LEnzw0QoeYuob+dTB5WmYY8FtSOyEbNZnQ2kkrqzRwtAocvvzUTb+erAAc47QnkWoQ==",
      "dev": true,
      "requires": {
        "bulma": "^0.7.1"
      }
    },
    "bulma-pricingtable": {
      "version": "0.2.0",
      "resolved": "https://registry.npmjs.org/bulma-pricingtable/-/bulma-pricingtable-0.2.0.tgz",
      "integrity": "sha512-4feDoGG5kxfzYNo+eplIbofEerO2FjwJgWoTdM1K8frU1eMHzd2Beh0Jo+18Q0N/83l+YxZydxw/xPijbCOsdQ==",
      "dev": true
    },
    "bulma-timeline": {
      "version": "3.0.4",
      "resolved": "https://registry.npmjs.org/bulma-timeline/-/bulma-timeline-3.0.4.tgz",
      "integrity": "sha512-gCUOcSUuzHoeVMkCpLF49j5Z5yl78XQ+KgJcT+1ju5WIGgBgVytRUob/dw5NHAxPLO2rmcvwYNbCJFp7w4WT4Q==",
      "dev": true
    }
  }
}
